
Microsoft Visual Studio Solution File, Format Version 12.00
# Visual Studio Version 17
VisualStudioVersion = 17.11.35222.181
MinimumVisualStudioVersion = 10.0.40219.1
Project("{FAE04EC0-301F-11D3-BF4B-00C04F79EFBC}") = "BattleBarbarians", "BattleBarbarians\BattleBarbarians.csproj", "{40148FC0-BC08-4770-BF49-C196F8BA45AF}"
EndProject
Global
	GlobalSection(SolutionConfigurationPlatforms) = preSolution
		Debug|Any CPU = Debug|Any CPU
		Release|Any CPU = Release|Any CPU
	EndGlobalSection
	GlobalSection(ProjectConfigurationPlatforms) = postSolution
		{40148FC0-BC08-4770-BF49-C196F8BA45AF}.Debug|Any CPU.ActiveCfg = Debug|Any CPU
		{40148FC0-BC08-4770-BF49-C196F8BA45AF}.Debug|Any CPU.Build.0 = Debug|Any CPU
		{40148FC0-BC08-4770-BF49-C196F8BA45AF}.Release|Any CPU.ActiveCfg = Release|Any CPU
		{40148FC0-BC08-4770-BF49-C196F8BA45AF}.Release|Any CPU.Build.0 = Release|Any CPU
	EndGlobalSection
	GlobalSection(SolutionProperties) = preSolution
		HideSolutionNode = FALSE
	EndGlobalSection
	GlobalSection(ExtensibilityGlobals) = postSolution
		SolutionGuid = {CD99E569-B763-4271-AEAA-F2D08B8A44D9}
	EndGlobalSection
EndGlobal
